
Microsoft Visual Studio Solution File, Format Version 12.00
# Visual Studio Version 17
VisualStudioVersion = 17.4.33403.182
MinimumVisualStudioVersion = 10.0.40219.1
Project("{FAE04EC0-301F-11D3-BF4B-00C04F79EFBC}") = "BorrowingBooks", "BorrowingBooks.csproj", "{CBFA7B36-4CAB-4370-9AF8-7E3BAB87C113}"
EndProject
Global
	GlobalSection(SolutionConfigurationPlatforms) = preSolution
		Debug|Any CPU = Debug|Any CPU
		Release|Any CPU = Release|Any CPU
	EndGlobalSection
	GlobalSection(ProjectConfigurationPlatforms) = postSolution
		{CBFA7B36-4CAB-4370-9AF8-7E3BAB87C113}.Debug|Any CPU.ActiveCfg = Debug|Any CPU
		{CBFA7B36-4CAB-4370-9AF8-7E3BAB87C113}.Debug|Any CPU.Build.0 = Debug|Any CPU
		{CBFA7B36-4CAB-4370-9AF8-7E3BAB87C113}.Release|Any CPU.ActiveCfg = Release|Any CPU
		{CBFA7B36-4CAB-4370-9AF8-7E3BAB87C113}.Release|Any CPU.Build.0 = Release|Any CPU
	EndGlobalSection
	GlobalSection(SolutionProperties) = preSolution
		HideSolutionNode = FALSE
	EndGlobalSection
	GlobalSection(ExtensibilityGlobals) = postSolution
		SolutionGuid = {35BBE1B0-F796-450A-8838-C25FF4C330CC}
	EndGlobalSection
EndGlobal
